dependencies:
- name: postgresql
  repository: https://charts.bitnami.com/bitnami
  version: 16.1.2
- name: redis
  repository: https://charts.bitnami.com/bitnami
  version: 20.2.2
- name: kube-prometheus-stack
  repository: https://prometheus-community.github.io/helm-charts
  version: 66.2.1
digest: sha256:afe45157c8a225a3c7834ddbf131844d7b0aff699081290d567b496b8a3e6597
generated: "2024-11-16T15:36:52.473756797+02:00"
