dependencies:
- name: postgresql
  repository: https://charts.bitnami.com/bitnami
  version: 16.1.2
- name: redis
  repository: https://charts.bitnami.com/bitnami
  version: 20.2.2
digest: sha256:b521509a8b1e9c4535f09a72dafd23012228bb6a2687062048fb99cee5a504d8
generated: "2024-11-13T08:46:20.050738429+02:00"
